
Microsoft Visual Studio Solution File, Format Version 12.00
# Visual Studio 15
VisualStudioVersion = 15.0.26730.16
MinimumVisualStudioVersion = 10.0.40219.1
Project("{8BC9CEB8-8B4A-11D0-8D11-00A0C91BC942}") = "std-array-test", "std-array-test\std-array-test.vcxproj", "{04475984-6F33-4CEA-9BBC-F7B312A5511B}"
EndProject
Global
	GlobalSection(SolutionConfigurationPlatforms) = preSolution
		Debug|x64 = Debug|x64
		Debug|x86 = Debug|x86
		Release|x64 = Release|x64
		Release|x86 = Release|x86
	EndGlobalSection
	GlobalSection(ProjectConfigurationPlatforms) = postSolution
		{04475984-6F33-4CEA-9BBC-F7B312A5511B}.Debug|x64.ActiveCfg = Debug|x64
		{04475984-6F33-4CEA-9BBC-F7B312A5511B}.Debug|x64.Build.0 = Debug|x64
		{04475984-6F33-4CEA-9BBC-F7B312A5511B}.Debug|x86.ActiveCfg = Debug|Win32
		{04475984-6F33-4CEA-9BBC-F7B312A5511B}.Debug|x86.Build.0 = Debug|Win32
		{04475984-6F33-4CEA-9BBC-F7B312A5511B}.Release|x64.ActiveCfg = Release|x64
		{04475984-6F33-4CEA-9BBC-F7B312A5511B}.Release|x64.Build.0 = Release|x64
		{04475984-6F33-4CEA-9BBC-F7B312A5511B}.Release|x86.ActiveCfg = Release|Win32
		{04475984-6F33-4CEA-9BBC-F7B312A5511B}.Release|x86.Build.0 = Release|Win32
	EndGlobalSection
	GlobalSection(SolutionProperties) = preSolution
		HideSolutionNode = FALSE
	EndGlobalSection
	GlobalSection(ExtensibilityGlobals) = postSolution
		SolutionGuid = {962B1878-6350-4E2F-B4C2-CE3A356B4B73}
	EndGlobalSection
EndGlobal
