
Microsoft Visual Studio Solution File, Format Version 12.00
# Visual Studio 15
VisualStudioVersion = 15.0.27004.2005
MinimumVisualStudioVersion = 10.0.40219.1
Project("{8BC9CEB8-8B4A-11D0-8D11-00A0C91BC942}") = "basic-calculator", "basic-calculator\basic-calculator.vcxproj", "{519D81DB-6E80-414B-9ABE-46EE4B6012BB}"
EndProject
Global
	GlobalSection(SolutionConfigurationPlatforms) = preSolution
		Debug|x64 = Debug|x64
		Debug|x86 = Debug|x86
		Release|x64 = Release|x64
		Release|x86 = Release|x86
	EndGlobalSection
	GlobalSection(ProjectConfigurationPlatforms) = postSolution
		{519D81DB-6E80-414B-9ABE-46EE4B6012BB}.Debug|x64.ActiveCfg = Debug|x64
		{519D81DB-6E80-414B-9ABE-46EE4B6012BB}.Debug|x64.Build.0 = Debug|x64
		{519D81DB-6E80-414B-9ABE-46EE4B6012BB}.Debug|x86.ActiveCfg = Debug|Win32
		{519D81DB-6E80-414B-9ABE-46EE4B6012BB}.Debug|x86.Build.0 = Debug|Win32
		{519D81DB-6E80-414B-9ABE-46EE4B6012BB}.Release|x64.ActiveCfg = Release|x64
		{519D81DB-6E80-414B-9ABE-46EE4B6012BB}.Release|x64.Build.0 = Release|x64
		{519D81DB-6E80-414B-9ABE-46EE4B6012BB}.Release|x86.ActiveCfg = Release|Win32
		{519D81DB-6E80-414B-9ABE-46EE4B6012BB}.Release|x86.Build.0 = Release|Win32
	EndGlobalSection
	GlobalSection(SolutionProperties) = preSolution
		HideSolutionNode = FALSE
	EndGlobalSection
	GlobalSection(ExtensibilityGlobals) = postSolution
		SolutionGuid = {18A74910-B692-472E-AC4A-859D5379C1F4}
	EndGlobalSection
EndGlobal
